
Microsoft Visual Studio Solution File, Format Version 12.00
# Visual Studio Version 16
VisualStudioVersion = 16.0.33214.272
MinimumVisualStudioVersion = 10.0.40219.1
Project("{FAE04EC0-301F-11D3-BF4B-00C04F79EFBC}") = "EcoMotion", "EcoMotion\EcoMotion.csproj", "{29001077-D4EE-46CF-9511-5A71FF7B1D0F}"
EndProject
Global
	GlobalSection(SolutionConfigurationPlatforms) = preSolution
		Debug|Any CPU = Debug|Any CPU
		Release|Any CPU = Release|Any CPU
	EndGlobalSection
	GlobalSection(ProjectConfigurationPlatforms) = postSolution
		{29001077-D4EE-46CF-9511-5A71FF7B1D0F}.Debug|Any CPU.ActiveCfg = Debug|Any CPU
		{29001077-D4EE-46CF-9511-5A71FF7B1D0F}.Debug|Any CPU.Build.0 = Debug|Any CPU
		{29001077-D4EE-46CF-9511-5A71FF7B1D0F}.Release|Any CPU.ActiveCfg = Release|Any CPU
		{29001077-D4EE-46CF-9511-5A71FF7B1D0F}.Release|Any CPU.Build.0 = Release|Any CPU
	EndGlobalSection
	GlobalSection(SolutionProperties) = preSolution
		HideSolutionNode = FALSE
	EndGlobalSection
	GlobalSection(ExtensibilityGlobals) = postSolution
		SolutionGuid = {B782B78A-6449-43B2-97A6-732AA66E9EFF}
	EndGlobalSection
EndGlobal
